// !$*UTF8*$!
{
	archiveVersion = 1;
	classes = {
	};
	objectVersion = 46;
	objects = {

/* Begin PBXBuildFile section */
		3F58D9021DF08E12008D419D /* AdminSettingsViewController.swift in Sources */ = {isa = PBXBuildFile; fileRef = 3F58D9011DF08E12008D419D /* AdminSettingsViewController.swift */; };
		3F7FE18D1DBF9A2D00F73000 /* Main.storyboard in Resources */ = {isa = PBXBuildFile; fileRef = 3F7FE18C1DBF9A2D00F73000 /* Main.storyboard */; };
		3FBC73A91DF85A220062ABF5 /* AboutViewController.swift in Sources */ = {isa = PBXBuildFile; fileRef = 3FBC73A81DF85A220062ABF5 /* AboutViewController.swift */; };
		3FC1D2EF1DEF4C0D0039F79C /* LoginViewController.swift in Sources */ = {isa = PBXBuildFile; fileRef = 3FC1D2EE1DEF4C0D0039F79C /* LoginViewController.swift */; };
		3FD1D5661DB11A620049626D /* AppDelegate.swift in Sources */ = {isa = PBXBuildFile; fileRef = 3FD1D5651DB11A620049626D /* AppDelegate.swift */; };
		3FD1D56A1DB11A620049626D /* Assets.xcassets in Resources */ = {isa = PBXBuildFile; fileRef = 3FD1D5691DB11A620049626D /* Assets.xcassets */; };
		3FD7B87C1DCB9AC200B00346 /* HelpViewController.swift in Sources */ = {isa = PBXBuildFile; fileRef = 3FD7B87B1DCB9AC200B00346 /* HelpViewController.swift */; };
		3FEBF9771DD66A29004B89CB /* MainViewController.swift in Sources */ = {isa = PBXBuildFile; fileRef = 3FEBF9761DD66A29004B89CB /* MainViewController.swift */; };
		3FFEBBE91DDB4BDE00333912 /* SettingsViewController.swift in Sources */ = {isa = PBXBuildFile; fileRef = 3FA10F8D1DC0F944007F19B0 /* SettingsViewController.swift */; };
/* End PBXBuildFile section */

/* Begin PBXContainerItemProxy section */
		3FD1D5741DB11A620049626D /* PBXContainerItemProxy */ = {
			isa = PBXContainerItemProxy;
			containerPortal = 3FD1D55A1DB11A620049626D /* Project object */;
			proxyType = 1;
			remoteGlobalIDString = 3FD1D5611DB11A620049626D;
			remoteInfo = "AHS Attendance";
		};
		3FD1D57F1DB11A630049626D /* PBXContainerItemProxy */ = {
			isa = PBXContainerItemProxy;
			containerPortal = 3FD1D55A1DB11A620049626D /* Project object */;
			proxyType = 1;
			remoteGlobalIDString = 3FD1D5611DB11A620049626D;
			remoteInfo = "AHS Attendance";
		};
/* End PBXContainerItemProxy section */

/* Begin PBXFileReference section */
		3F58D9011DF08E12008D419D /* AdminSettingsViewController.swift */ = {isa = PBXFileReference; fileEncoding = 4; lastKnownFileType = sourcecode.swift; path = AdminSettingsViewController.swift; sourceTree = "<group>"; };
		3F7FE18C1DBF9A2D00F73000 /* Main.storyboard */ = {isa = PBXFileReference; fileEncoding = 4; lastKnownFileType = file.storyboard; path = Main.storyboard; sourceTree = "<group>"; };
		3FA10F8D1DC0F944007F19B0 /* SettingsViewController.swift */ = {isa = PBXFileReference; fileEncoding = 4; lastKnownFileType = sourcecode.swift; path = SettingsViewController.swift; sourceTree = "<group>"; };
		3FBC73A81DF85A220062ABF5 /* AboutViewController.swift */ = {isa = PBXFileReference; fileEncoding = 4; lastKnownFileType = sourcecode.swift; path = AboutViewController.swift; sourceTree = "<group>"; };
		3FC1D2EE1DEF4C0D0039F79C /* LoginViewController.swift */ = {isa = PBXFileReference; fileEncoding = 4; lastKnownFileType = sourcecode.swift; path = LoginViewController.swift; sourceTree = "<group>"; };
		3FD1D5621DB11A620049626D /* AHS Attendance.app */ = {isa = PBXFileReference; explicitFileType = wrapper.application; includeInIndex = 0; path = "AHS Attendance.app"; sourceTree = BUILT_PRODUCTS_DIR; };
		3FD1D5651DB11A620049626D /* AppDelegate.swift */ = {isa = PBXFileReference; lastKnownFileType = sourcecode.swift; path = AppDelegate.swift; sourceTree = "<group>"; };
		3FD1D5691DB11A620049626D /* Assets.xcassets */ = {isa = PBXFileReference; lastKnownFileType = folder.assetcatalog; path = Assets.xcassets; sourceTree = "<group>"; };
		3FD1D56E1DB11A620049626D /* Info.plist */ = {isa = PBXFileReference; lastKnownFileType = text.plist.xml; path = Info.plist; sourceTree = "<group>"; };
		3FD1D5731DB11A620049626D /* AHS AttendanceTests.xctest */ = {isa = PBXFileReference; explicitFileType = wrapper.cfbundle; includeInIndex = 0; path = "AHS AttendanceTests.xctest"; sourceTree = BUILT_PRODUCTS_DIR; };
		3FD1D57E1DB11A630049626D /* AHS AttendanceUITests.xctest */ = {isa = PBXFileReference; explicitFileType = wrapper.cfbundle; includeInIndex = 0; path = "AHS AttendanceUITests.xctest"; sourceTree = BUILT_PRODUCTS_DIR; };
		3FD7B87B1DCB9AC200B00346 /* HelpViewController.swift */ = {isa = PBXFileReference; fileEncoding = 4; lastKnownFileType = sourcecode.swift; path = HelpViewController.swift; sourceTree = "<group>"; };
		3FEBF9761DD66A29004B89CB /* MainViewController.swift */ = {isa = PBXFileReference; fileEncoding = 4; lastKnownFileType = sourcecode.swift; path = MainViewController.swift; sourceTree = "<group>"; };
/* End PBXFileReference section */

/* Begin PBXFrameworksBuildPhase section */
		3FD1D55F1DB11A620049626D /* Frameworks */ = {
			isa = PBXFrameworksBuildPhase;
			buildActionMask = 2147483647;
			files = (
			);
			runOnlyForDeploymentPostprocessing = 0;
		};
		3FD1D5701DB11A620049626D /* Frameworks */ = {
			isa = PBXFrameworksBuildPhase;
			buildActionMask = 2147483647;
			files = (
			);
			runOnlyForDeploymentPostprocessing = 0;
		};
		3FD1D57B1DB11A630049626D /* Frameworks */ = {
			isa = PBXFrameworksBuildPhase;
			buildActionMask = 2147483647;
			files = (
			);
			runOnlyForDeploymentPostprocessing = 0;
		};
/* End PBXFrameworksBuildPhase section */

/* Begin PBXGroup section */
		3FD1D5591DB11A620049626D = {
			isa = PBXGroup;
			children = (
				3FD1D5641DB11A620049626D /* AHS Attendance */,
				3FD1D5631DB11A620049626D /* Products */,
			);
			sourceTree = "<group>";
		};
		3FD1D5631DB11A620049626D /* Products */ = {
			isa = PBXGroup;
			children = (
				3FD1D5621DB11A620049626D /* AHS Attendance.app */,
				3FD1D5731DB11A620049626D /* AHS AttendanceTests.xctest */,
				3FD1D57E1DB11A630049626D /* AHS AttendanceUITests.xctest */,
			);
			name = Products;
			sourceTree = "<group>";
		};
		3FD1D5641DB11A620049626D /* AHS Attendance */ = {
			isa = PBXGroup;
			children = (
				3F7FE18C1DBF9A2D00F73000 /* Main.storyboard */,
				3FBC73A81DF85A220062ABF5 /* AboutViewController.swift */,
				3F58D9011DF08E12008D419D /* AdminSettingsViewController.swift */,
				3FC1D2EE1DEF4C0D0039F79C /* LoginViewController.swift */,
				3FEBF9761DD66A29004B89CB /* MainViewController.swift */,
				3FD1D5651DB11A620049626D /* AppDelegate.swift */,
				3FA10F8D1DC0F944007F19B0 /* SettingsViewController.swift */,
				3FD7B87B1DCB9AC200B00346 /* HelpViewController.swift */,
				3FD1D5691DB11A620049626D /* Assets.xcassets */,
				3FD1D56E1DB11A620049626D /* Info.plist */,
			);
			path = "AHS Attendance";
			sourceTree = "<group>";
		};
/* End PBXGroup section */

/* Begin PBXNativeTarget section */
		3FD1D5611DB11A620049626D /* AHS Attendance */ = {
			isa = PBXNativeTarget;
			buildConfigurationList = 3FD1D5871DB11A630049626D /* Build configuration list for PBXNativeTarget "AHS Attendance" */;
			buildPhases = (
				3FD1D55E1DB11A620049626D /* Sources */,
				3FD1D55F1DB11A620049626D /* Frameworks */,
				3FD1D5601DB11A620049626D /* Resources */,
			);
			buildRules = (
			);
			dependencies = (
			);
			name = "AHS Attendance";
			productName = "AHS Attendance";
			productReference = 3FD1D5621DB11A620049626D /* AHS Attendance.app */;
			productType = "com.apple.product-type.application";
		};
		3FD1D5721DB11A620049626D /* AHS AttendanceTests */ = {
			isa = PBXNativeTarget;
			buildConfigurationList = 3FD1D58A1DB11A630049626D /* Build configuration list for PBXNativeTarget "AHS AttendanceTests" */;
			buildPhases = (
				3FD1D56F1DB11A620049626D /* Sources */,
				3FD1D5701DB11A620049626D /* Frameworks */,
				3FD1D5711DB11A620049626D /* Resources */,
			);
			buildRules = (
			);
			dependencies = (
				3FD1D5751DB11A620049626D /* PBXTargetDependency */,
			);
			name = "AHS AttendanceTests";
			productName = "AHS AttendanceTests";
			productReference = 3FD1D5731DB11A620049626D /* AHS AttendanceTests.xctest */;
			productType = "com.apple.product-type.bundle.unit-test";
		};
		3FD1D57D1DB11A630049626D /* AHS AttendanceUITests */ = {
			isa = PBXNativeTarget;
			buildConfigurationList = 3FD1D58D1DB11A630049626D /* Build configuration list for PBXNativeTarget "AHS AttendanceUITests" */;
			buildPhases = (
				3FD1D57A1DB11A630049626D /* Sources */,
				3FD1D57B1DB11A630049626D /* Frameworks */,
				3FD1D57C1DB11A630049626D /* Resources */,
			);
			buildRules = (
			);
			dependencies = (
				3FD1D5801DB11A630049626D /* PBXTargetDependency */,
			);
			name = "AHS AttendanceUITests";
			productName = "AHS AttendanceUITests";
			productReference = 3FD1D57E1DB11A630049626D /* AHS AttendanceUITests.xctest */;
			productType = "com.apple.product-type.bundle.ui-testing";
		};
/* End PBXNativeTarget section */

/* Begin PBXProject section */
		3FD1D55A1DB11A620049626D /* Project object */ = {
			isa = PBXProject;
			attributes = {
				KnownAssetTags = (
					NSSearchFieldCell,
				);
				LastSwiftUpdateCheck = 0800;
				LastUpgradeCheck = 0810;
				ORGANIZATIONNAME = "Dylan Bolger";
				TargetAttributes = {
					3FD1D5611DB11A620049626D = {
						CreatedOnToolsVersion = 8.0;
						ProvisioningStyle = Automatic;
					};
					3FD1D5721DB11A620049626D = {
						CreatedOnToolsVersion = 8.0;
						ProvisioningStyle = Automatic;
						TestTargetID = 3FD1D5611DB11A620049626D;
					};
					3FD1D57D1DB11A630049626D = {
						CreatedOnToolsVersion = 8.0;
						ProvisioningStyle = Automatic;
						TestTargetID = 3FD1D5611DB11A620049626D;
					};
				};
			};
			buildConfigurationList = 3FD1D55D1DB11A620049626D /* Build configuration list for PBXProject "AHS Attendance" */;
			compatibilityVersion = "Xcode 3.2";
			developmentRegion = English;
			hasScannedForEncodings = 0;
			knownRegions = (
				en,
				Base,
			);
			mainGroup = 3FD1D5591DB11A620049626D;
			productRefGroup = 3FD1D5631DB11A620049626D /* Products */;
			projectDirPath = "";
			projectRoot = "";
			targets = (
				3FD1D5611DB11A620049626D /* AHS Attendance */,
				3FD1D5721DB11A620049626D /* AHS AttendanceTests */,
				3FD1D57D1DB11A630049626D /* AHS AttendanceUITests */,
			);
		};
/* End PBXProject section */

/* Begin PBXResourcesBuildPhase section */
		3FD1D5601DB11A620049626D /* Resources */ = {
			isa = PBXResourcesBuildPhase;
			buildActionMask = 2147483647;
			files = (
				3F7FE18D1DBF9A2D00F73000 /* Main.storyboard in Resources */,
				3FD1D56A1DB11A620049626D /* Assets.xcassets in Resources */,
			);
			runOnlyForDeploymentPostprocessing = 0;
		};
		3FD1D5711DB11A620049626D /* Resources */ = {
			isa = PBXResourcesBuildPhase;
			buildActionMask = 2147483647;
			files = (
			);
			runOnlyForDeploymentPostprocessing = 0;
		};
		3FD1D57C1DB11A630049626D /* Resources */ = {
			isa = PBXResourcesBuildPhase;
			buildActionMask = 2147483647;
			files = (
			);
			runOnlyForDeploymentPostprocessing = 0;
		};
/* End PBXResourcesBuildPhase section */

/* Begin PBXSourcesBuildPhase section */
		3FD1D55E1DB11A620049626D /* Sources */ = {
			isa = PBXSourcesBuildPhase;
			buildActionMask = 2147483647;
			files = (
				3FD1D5661DB11A620049626D /* AppDelegate.swift in Sources */,
				3FD7B87C1DCB9AC200B00346 /* HelpViewController.swift in Sources */,
				3FEBF9771DD66A29004B89CB /* MainViewController.swift in Sources */,
				3FBC73A91DF85A220062ABF5 /* AboutViewController.swift in Sources */,
				3FC1D2EF1DEF4C0D0039F79C /* LoginViewController.swift in Sources */,
				3FFEBBE91DDB4BDE00333912 /* SettingsViewController.swift in Sources */,
				3F58D9021DF08E12008D419D /* AdminSettingsViewController.swift in Sources */,
			);
			runOnlyForDeploymentPostprocessing = 0;
		};
		3FD1D56F1DB11A620049626D /* Sources */ = {
			isa = PBXSourcesBuildPhase;
			buildActionMask = 2147483647;
			files = (
			);
			runOnlyForDeploymentPostprocessing = 0;
		};
		3FD1D57A1DB11A630049626D /* Sources */ = {
			isa = PBXSourcesBuildPhase;
			buildActionMask = 2147483647;
			files = (
			);
			runOnlyForDeploymentPostprocessing = 0;
		};
/* End PBXSourcesBuildPhase section */

/* Begin PBXTargetDependency section */
		3FD1D5751DB11A620049626D /* PBXTargetDependency */ = {
			isa = PBXTargetDependency;
			target = 3FD1D5611DB11A620049626D /* AHS Attendance */;
			targetProxy = 3FD1D5741DB11A620049626D /* PBXContainerItemProxy */;
		};
		3FD1D5801DB11A630049626D /* PBXTargetDependency */ = {
			isa = PBXTargetDependency;
			target = 3FD1D5611DB11A620049626D /* AHS Attendance */;
			targetProxy = 3FD1D57F1DB11A630049626D /* PBXContainerItemProxy */;
		};
/* End PBXTargetDependency section */

/* Begin XCBuildConfiguration section */
		3FD1D5851DB11A630049626D /* Debug */ = {
			isa = XCBuildConfiguration;
			buildSettings = {
				ALWAYS_SEARCH_USER_PATHS = NO;
				CLANG_ANALYZER_NONNULL = YES;
				CLANG_CXX_LANGUAGE_STANDARD = "gnu++0x";
				CLANG_CXX_LIBRARY = "libc++";
				CLANG_ENABLE_MODULES = YES;
				CLANG_ENABLE_OBJC_ARC = YES;
				CLANG_WARN_BOOL_CONVERSION = YES;
				CLANG_WARN_CONSTANT_CONVERSION = YES;
				CLANG_WARN_DIRECT_OBJC_ISA_USAGE = YES_ERROR;
				CLANG_WARN_DOCUMENTATION_COMMENTS = YES;
				CLANG_WARN_EMPTY_BODY = YES;
				CLANG_WARN_ENUM_CONVERSION = YES;
				CLANG_WARN_INFINITE_RECURSION = YES;
				CLANG_WARN_INT_CONVERSION = YES;
				CLANG_WARN_OBJC_ROOT_CLASS = YES_ERROR;
				CLANG_WARN_SUSPICIOUS_MOVE = YES;
				CLANG_WARN_SUSPICIOUS_MOVES = YES;
				CLANG_WARN_UNREACHABLE_CODE = YES;
				CLANG_WARN__DUPLICATE_METHOD_MATCH = YES;
				CODE_SIGN_IDENTITY = "-";
				COPY_PHASE_STRIP = NO;
				DEBUG_INFORMATION_FORMAT = dwarf;
				ENABLE_STRICT_OBJC_MSGSEND = YES;
				ENABLE_TESTABILITY = YES;
				FRAMEWORK_SEARCH_PATHS = "$(SRCROOT)/**";
				GCC_C_LANGUAGE_STANDARD = gnu99;
				GCC_DYNAMIC_NO_PIC = NO;
				GCC_NO_COMMON_BLOCKS = YES;
				GCC_OPTIMIZATION_LEVEL = 0;
				GCC_PREPROCESSOR_DEFINITIONS = (
					"DEBUG=1",
					"$(inherited)",
				);
				GCC_WARN_64_TO_32_BIT_CONVERSION = YES;
				GCC_WARN_ABOUT_RETURN_TYPE = YES_ERROR;
				GCC_WARN_UNDECLARED_SELECTOR = YES;
				GCC_WARN_UNINITIALIZED_AUTOS = YES_AGGRESSIVE;
				GCC_WARN_UNUSED_FUNCTION = YES;
				GCC_WARN_UNUSED_VARIABLE = YES;
				MACOSX_DEPLOYMENT_TARGET = 10.11;
				MTL_ENABLE_DEBUG_INFO = YES;
				ONLY_ACTIVE_ARCH = YES;
				SDKROOT = macosx;
				SWIFT_ACTIVE_COMPILATION_CONDITIONS = DEBUG;
				SWIFT_OBJC_BRIDGING_HEADER = "";
				SWIFT_OPTIMIZATION_LEVEL = "-Onone";
			};
			name = Debug;
		};
		3FD1D5861DB11A630049626D /* Release */ = {
			isa = XCBuildConfiguration;
			buildSettings = {
				ALWAYS_SEARCH_USER_PATHS = NO;
				CLANG_ANALYZER_NONNULL = YES;
				CLANG_CXX_LANGUAGE_STANDARD = "gnu++0x";
				CLANG_CXX_LIBRARY = "libc++";
				CLANG_ENABLE_MODULES = YES;
				CLANG_ENABLE_OBJC_ARC = YES;
				CLANG_WARN_BOOL_CONVERSION = YES;
				CLANG_WARN_CONSTANT_CONVERSION = YES;
				CLANG_WARN_DIRECT_OBJC_ISA_USAGE = YES_ERROR;
				CLANG_WARN_DOCUMENTATION_COMMENTS = YES;
				CLANG_WARN_EMPTY_BODY = YES;
				CLANG_WARN_ENUM_CONVERSION = YES;
				CLANG_WARN_INFINITE_RECURSION = YES;
				CLANG_WARN_INT_CONVERSION = YES;
				CLANG_WARN_OBJC_ROOT_CLASS = YES_ERROR;
				CLANG_WARN_SUSPICIOUS_MOVE = YES;
				CLANG_WARN_SUSPICIOUS_MOVES = YES;
				CLANG_WARN_UNREACHABLE_CODE = YES;
				CLANG_WARN__DUPLICATE_METHOD_MATCH = YES;
				CODE_SIGN_IDENTITY = "-";
				COPY_PHASE_STRIP = NO;
				DEBUG_INFORMATION_FORMAT = "dwarf-with-dsym";
				ENABLE_NS_ASSERTIONS = NO;
				ENABLE_STRICT_OBJC_MSGSEND = YES;
				FRAMEWORK_SEARCH_PATHS = "$(SRCROOT)/**";
				GCC_C_LANGUAGE_STANDARD = gnu99;
				GCC_NO_COMMON_BLOCKS = YES;
				GCC_WARN_64_TO_32_BIT_CONVERSION = YES;
				GCC_WARN_ABOUT_RETURN_TYPE = YES_ERROR;
				GCC_WARN_UNDECLARED_SELECTOR = YES;
				GCC_WARN_UNINITIALIZED_AUTOS = YES_AGGRESSIVE;
				GCC_WARN_UNUSED_FUNCTION = YES;
				GCC_WARN_UNUSED_VARIABLE = YES;
				MACOSX_DEPLOYMENT_TARGET = 10.11;
				MTL_ENABLE_DEBUG_INFO = NO;
				SDKROOT = macosx;
				SWIFT_OBJC_BRIDGING_HEADER = "";
				SWIFT_OPTIMIZATION_LEVEL = "-Owholemodule";
			};
			name = Release;
		};
		3FD1D5881DB11A630049626D /* Debug */ = {
			isa = XCBuildConfiguration;
			buildSettings = {
				ASSETCATALOG_COMPILER_APPICON_NAME = AppIcon;
				COMBINE_HIDPI_IMAGES = YES;
				ENABLE_TESTABILITY = NO;
				INFOPLIST_FILE = "AHS Attendance/Info.plist";
				LD_RUNPATH_SEARCH_PATHS = "$(inherited) @executable_path/../Frameworks";
				MACOSX_DEPLOYMENT_TARGET = 10.11;
				PRODUCT_BUNDLE_IDENTIFIER = "Dylan-Bolger.AHS-Attendance";
				PRODUCT_NAME = "$(TARGET_NAME)";
				SWIFT_VERSION = 3.0;
			};
			name = Debug;
		};
		3FD1D5891DB11A630049626D /* Release */ = {
			isa = XCBuildConfiguration;
			buildSettings = {
				ASSETCATALOG_COMPILER_APPICON_NAME = AppIcon;
				COMBINE_HIDPI_IMAGES = YES;
				INFOPLIST_FILE = "AHS Attendance/Info.plist";
				LD_RUNPATH_SEARCH_PATHS = "$(inherited) @executable_path/../Frameworks";
				MACOSX_DEPLOYMENT_TARGET = 10.11;
				PRODUCT_BUNDLE_IDENTIFIER = "Dylan-Bolger.AHS-Attendance";
				PRODUCT_NAME = "$(TARGET_NAME)";
				SWIFT_VERSION = 3.0;
			};
			name = Release;
		};
		3FD1D58B1DB11A630049626D /* Debug */ = {
			isa = XCBuildConfiguration;
			buildSettings = {
				ALWAYS_EMBED_SWIFT_STANDARD_LIBRARIES = YES;
				BUNDLE_LOADER = "$(TEST_HOST)";
				COMBINE_HIDPI_IMAGES = YES;
				INFOPLIST_FILE = "AHS AttendanceTests/Info.plist";
				LD_RUNPATH_SEARCH_PATHS = "$(inherited) @executable_path/../Frameworks @loader_path/../Frameworks";
				PRODUCT_BUNDLE_IDENTIFIER = "DylanBolg.AHS-AttendanceTests";
				PRODUCT_NAME = "$(TARGET_NAME)";
				SWIFT_VERSION = 3.0;
				TEST_HOST = "$(BUILT_PRODUCTS_DIR)/AHS Attendance.app/Contents/MacOS/AHS Attendance";
			};
			name = Debug;
		};
		3FD1D58C1DB11A630049626D /* Release */ = {
			isa = XCBuildConfiguration;
			buildSettings = {
				ALWAYS_EMBED_SWIFT_STANDARD_LIBRARIES = YES;
				BUNDLE_LOADER = "$(TEST_HOST)";
				COMBINE_HIDPI_IMAGES = YES;
				INFOPLIST_FILE = "AHS AttendanceTests/Info.plist";
				LD_RUNPATH_SEARCH_PATHS = "$(inherited) @executable_path/../Frameworks @loader_path/../Frameworks";
				PRODUCT_BUNDLE_IDENTIFIER = "DylanBolg.AHS-AttendanceTests";
				PRODUCT_NAME = "$(TARGET_NAME)";
				SWIFT_VERSION = 3.0;
				TEST_HOST = "$(BUILT_PRODUCTS_DIR)/AHS Attendance.app/Contents/MacOS/AHS Attendance";
			};
			name = Release;
		};
		3FD1D58E1DB11A630049626D /* Debug */ = {
			isa = XCBuildConfiguration;
			buildSettings = {
				ALWAYS_EMBED_SWIFT_STANDARD_LIBRARIES = YES;
				COMBINE_HIDPI_IMAGES = YES;
				INFOPLIST_FILE = "AHS AttendanceUITests/Info.plist";
				LD_RUNPATH_SEARCH_PATHS = "$(inherited) @executable_path/../Frameworks @loader_path/../Frameworks";
				PRODUCT_BUNDLE_IDENTIFIER = "DylanBolg.AHS-AttendanceUITests";
				PRODUCT_NAME = "$(TARGET_NAME)";
				SWIFT_VERSION = 3.0;
				TEST_TARGET_NAME = "AHS Attendance";
			};
			name = Debug;
		};
		3FD1D58F1DB11A630049626D /* Release */ = {
			isa = XCBuildConfiguration;
			buildSettings = {
				ALWAYS_EMBED_SWIFT_STANDARD_LIBRARIES = YES;
				COMBINE_HIDPI_IMAGES = YES;
				INFOPLIST_FILE = "AHS AttendanceUITests/Info.plist";
				LD_RUNPATH_SEARCH_PATHS = "$(inherited) @executable_path/../Frameworks @loader_path/../Frameworks";
				PRODUCT_BUNDLE_IDENTIFIER = "DylanBolg.AHS-AttendanceUITests";
				PRODUCT_NAME = "$(TARGET_NAME)";
				SWIFT_VERSION = 3.0;
				TEST_TARGET_NAME = "AHS Attendance";
			};
			name = Release;
		};
/* End XCBuildConfiguration section */

/* Begin XCConfigurationList section */
		3FD1D55D1DB11A620049626D /* Build configuration list for PBXProject "AHS Attendance" */ = {
			isa = XCConfigurationList;
			buildConfigurations = (
				3FD1D5851DB11A630049626D /* Debug */,
				3FD1D5861DB11A630049626D /* Release */,
			);
			defaultConfigurationIsVisible = 0;
			defaultConfigurationName = Release;
		};
		3FD1D5871DB11A630049626D /* Build configuration list for PBXNativeTarget "AHS Attendance" */ = {
			isa = XCConfigurationList;
			buildConfigurations = (
				3FD1D5881DB11A630049626D /* Debug */,
				3FD1D5891DB11A630049626D /* Release */,
			);
			defaultConfigurationIsVisible = 0;
			defaultConfigurationName = Release;
		};
		3FD1D58A1DB11A630049626D /* Build configuration list for PBXNativeTarget "AHS AttendanceTests" */ = {
			isa = XCConfigurationList;
			buildConfigurations = (
				3FD1D58B1DB11A630049626D /* Debug */,
				3FD1D58C1DB11A630049626D /* Release */,
			);
			defaultConfigurationIsVisible = 0;
			defaultConfigurationName = Release;
		};
		3FD1D58D1DB11A630049626D /* Build configuration list for PBXNativeTarget "AHS AttendanceUITests" */ = {
			isa = XCConfigurationList;
			buildConfigurations = (
				3FD1D58E1DB11A630049626D /* Debug */,
				3FD1D58F1DB11A630049626D /* Release */,
			);
			defaultConfigurationIsVisible = 0;
			defaultConfigurationName = Release;
		};
/* End XCConfigurationList section */
	};
	rootObject = 3FD1D55A1DB11A620049626D /* Project object */;
}
